
Microsoft Visual Studio Solution File, Format Version 11.00
# Visual Web Developer Express 2010
Project("{E24C65DC-7377-472B-9ABA-BC803B73C61A}") = "1002873", "..\..\..\..\Dropbox\Enterprise Computing I\1002873\", "{8BDD1791-998A-4EEA-8FF3-0B23D3B80D02}"
	ProjectSection(WebsiteProperties) = preProject
		TargetFrameworkMoniker = ".NETFramework,Version%3Dv4.0"
		Debug.AspNetCompiler.VirtualPath = "/1002873"
		Debug.AspNetCompiler.PhysicalPath = "..\..\..\..\Dropbox\Enterprise Computing I\1002873\"
		Debug.AspNetCompiler.TargetPath = "PrecompiledWeb\1002873\"
		Debug.AspNetCompiler.Updateable = "true"
		Debug.AspNetCompiler.ForceOverwrite = "true"
		Debug.AspNetCompiler.FixedNames = "false"
		Debug.AspNetCompiler.Debug = "True"
		Release.AspNetCompiler.VirtualPath = "/1002873"
		Release.AspNetCompiler.PhysicalPath = "..\..\..\..\Dropbox\Enterprise Computing I\1002873\"
		Release.AspNetCompiler.TargetPath = "PrecompiledWeb\1002873\"
		Release.AspNetCompiler.Updateable = "true"
		Release.AspNetCompiler.ForceOverwrite = "true"
		Release.AspNetCompiler.FixedNames = "false"
		Release.AspNetCompiler.Debug = "False"
		VWDPort = "57083"
		DefaultWebSiteLanguage = "Visual C#"
	EndProjectSection
EndProject
Global
	GlobalSection(SolutionConfigurationPlatforms) = preSolution
		Debug|Any CPU = Debug|Any CPU
	EndGlobalSection
	GlobalSection(ProjectConfigurationPlatforms) = postSolution
		{8BDD1791-998A-4EEA-8FF3-0B23D3B80D02}.Debug|Any CPU.ActiveCfg = Debug|Any CPU
		{8BDD1791-998A-4EEA-8FF3-0B23D3B80D02}.Debug|Any CPU.Build.0 = Debug|Any CPU
	EndGlobalSection
	GlobalSection(SolutionProperties) = preSolution
		HideSolutionNode = FALSE
	EndGlobalSection
EndGlobal
